
Microsoft Visual Studio Solution File, Format Version 12.00
# Visual Studio Version 17
VisualStudioVersion = 17.3.32901.215
MinimumVisualStudioVersion = 10.0.40219.1
Project("{FAE04EC0-301F-11D3-BF4B-00C04F79EFBC}") = "backendWords", "backendWords\backendWords.csproj", "{F5C059B1-ADF8-4480-854F-021FC3EA79AA}"
EndProject
Global
	GlobalSection(SolutionConfigurationPlatforms) = preSolution
		Debug|Any CPU = Debug|Any CPU
		Release|Any CPU = Release|Any CPU
	EndGlobalSection
	GlobalSection(ProjectConfigurationPlatforms) = postSolution
		{F5C059B1-ADF8-4480-854F-021FC3EA79AA}.Debug|Any CPU.ActiveCfg = Debug|Any CPU
		{F5C059B1-ADF8-4480-854F-021FC3EA79AA}.Debug|Any CPU.Build.0 = Debug|Any CPU
		{F5C059B1-ADF8-4480-854F-021FC3EA79AA}.Release|Any CPU.ActiveCfg = Release|Any CPU
		{F5C059B1-ADF8-4480-854F-021FC3EA79AA}.Release|Any CPU.Build.0 = Release|Any CPU
	EndGlobalSection
	GlobalSection(SolutionProperties) = preSolution
		HideSolutionNode = FALSE
	EndGlobalSection
	GlobalSection(ExtensibilityGlobals) = postSolution
		SolutionGuid = {185FD4DB-BEC3-451D-B8D3-5A851448ADD9}
	EndGlobalSection
EndGlobal
